
Microsoft Visual Studio Solution File, Format Version 12.00
# Visual Studio Version 16
VisualStudioVersion = 16.0.29806.167
MinimumVisualStudioVersion = 10.0.40219.1
Project("{8BC9CEB8-8B4A-11D0-8D11-00A0C91BC942}") = "Injection", "Injection\Injection_VS2010.vcxproj", "{C25DEB60-97F0-469F-ADDE-A69F8D96815C}"
EndProject
Project("{9A19103F-16F7-4668-BE54-9A1E7A4F7556}") = "Mockingbird", "Mockingbird\Mockingbird.csproj", "{D27D5BA8-6AF8-4A1B-9A73-A71320DCA2FB}"
EndProject
Project("{9A19103F-16F7-4668-BE54-9A1E7A4F7556}") = "Tests", "Tests\Tests.csproj", "{F14CF51F-FB7D-4E21-BAC9-AF869B0F29E9}"
EndProject
Project("{9A19103F-16F7-4668-BE54-9A1E7A4F7556}") = "Model", "Model\Model.csproj", "{4E5D435E-4366-4180-B46B-1F9366FA3BC0}"
EndProject
Global
	GlobalSection(SolutionConfigurationPlatforms) = preSolution
		Debug - X64|Any CPU = Debug - X64|Any CPU
		Debug - X64|Mixed Platforms = Debug - X64|Mixed Platforms
		Debug - X86|Any CPU = Debug - X86|Any CPU
		Debug - X86|Mixed Platforms = Debug - X86|Mixed Platforms
		Debug|Any CPU = Debug|Any CPU
		Debug|Mixed Platforms = Debug|Mixed Platforms
		Release - X64|Any CPU = Release - X64|Any CPU
		Release - X64|Mixed Platforms = Release - X64|Mixed Platforms
		Release - X86|Any CPU = Release - X86|Any CPU
		Release - X86|Mixed Platforms = Release - X86|Mixed Platforms
		Release|Any CPU = Release|Any CPU
		Release|Mixed Platforms = Release|Mixed Platforms
	EndGlobalSection
	GlobalSection(ProjectConfigurationPlatforms) = postSolution
		{C25DEB60-97F0-469F-ADDE-A69F8D96815C}.Debug - X64|Any CPU.ActiveCfg = Debug - X64|Win32
		{C25DEB60-97F0-469F-ADDE-A69F8D96815C}.Debug - X64|Mixed Platforms.ActiveCfg = Debug - X64|x64
		{C25DEB60-97F0-469F-ADDE-A69F8D96815C}.Debug - X64|Mixed Platforms.Build.0 = Debug - X64|x64
		{C25DEB60-97F0-469F-ADDE-A69F8D96815C}.Debug - X86|Any CPU.ActiveCfg = Release - X64|Win32
		{C25DEB60-97F0-469F-ADDE-A69F8D96815C}.Debug - X86|Any CPU.Build.0 = Release - X64|Win32
		{C25DEB60-97F0-469F-ADDE-A69F8D96815C}.Debug - X86|Mixed Platforms.ActiveCfg = Debug|Win32
		{C25DEB60-97F0-469F-ADDE-A69F8D96815C}.Debug - X86|Mixed Platforms.Build.0 = Debug|Win32
		{C25DEB60-97F0-469F-ADDE-A69F8D96815C}.Debug|Any CPU.ActiveCfg = Debug|Win32
		{C25DEB60-97F0-469F-ADDE-A69F8D96815C}.Debug|Mixed Platforms.ActiveCfg = Debug|Win32
		{C25DEB60-97F0-469F-ADDE-A69F8D96815C}.Debug|Mixed Platforms.Build.0 = Debug|Win32
		{C25DEB60-97F0-469F-ADDE-A69F8D96815C}.Release - X64|Any CPU.ActiveCfg = Release - X64|Win32
		{C25DEB60-97F0-469F-ADDE-A69F8D96815C}.Release - X64|Mixed Platforms.ActiveCfg = Release - X64|x64
		{C25DEB60-97F0-469F-ADDE-A69F8D96815C}.Release - X64|Mixed Platforms.Build.0 = Release - X64|x64
		{C25DEB60-97F0-469F-ADDE-A69F8D96815C}.Release - X86|Any CPU.ActiveCfg = Release - X64|Win32
		{C25DEB60-97F0-469F-ADDE-A69F8D96815C}.Release - X86|Any CPU.Build.0 = Release - X64|Win32
		{C25DEB60-97F0-469F-ADDE-A69F8D96815C}.Release - X86|Mixed Platforms.ActiveCfg = Release|Win32
		{C25DEB60-97F0-469F-ADDE-A69F8D96815C}.Release - X86|Mixed Platforms.Build.0 = Release|Win32
		{C25DEB60-97F0-469F-ADDE-A69F8D96815C}.Release|Any CPU.ActiveCfg = Release|Win32
		{C25DEB60-97F0-469F-ADDE-A69F8D96815C}.Release|Mixed Platforms.ActiveCfg = Release|Win32
		{C25DEB60-97F0-469F-ADDE-A69F8D96815C}.Release|Mixed Platforms.Build.0 = Release|Win32
		{D27D5BA8-6AF8-4A1B-9A73-A71320DCA2FB}.Debug - X64|Any CPU.ActiveCfg = Debug|Any CPU
		{D27D5BA8-6AF8-4A1B-9A73-A71320DCA2FB}.Debug - X64|Any CPU.Build.0 = Debug|Any CPU
		{D27D5BA8-6AF8-4A1B-9A73-A71320DCA2FB}.Debug - X64|Mixed Platforms.ActiveCfg = Debug|Any CPU
		{D27D5BA8-6AF8-4A1B-9A73-A71320DCA2FB}.Debug - X64|Mixed Platforms.Build.0 = Debug|Any CPU
		{D27D5BA8-6AF8-4A1B-9A73-A71320DCA2FB}.Debug - X86|Any CPU.ActiveCfg = Debug|Any CPU
		{D27D5BA8-6AF8-4A1B-9A73-A71320DCA2FB}.Debug - X86|Any CPU.Build.0 = Debug|Any CPU
		{D27D5BA8-6AF8-4A1B-9A73-A71320DCA2FB}.Debug - X86|Mixed Platforms.ActiveCfg = Debug|Any CPU
		{D27D5BA8-6AF8-4A1B-9A73-A71320DCA2FB}.Debug - X86|Mixed Platforms.Build.0 = Debug|Any CPU
		{D27D5BA8-6AF8-4A1B-9A73-A71320DCA2FB}.Debug|Any CPU.ActiveCfg = Debug|Any CPU
		{D27D5BA8-6AF8-4A1B-9A73-A71320DCA2FB}.Debug|Any CPU.Build.0 = Debug|Any CPU
		{D27D5BA8-6AF8-4A1B-9A73-A71320DCA2FB}.Debug|Mixed Platforms.ActiveCfg = Debug|Any CPU
		{D27D5BA8-6AF8-4A1B-9A73-A71320DCA2FB}.Debug|Mixed Platforms.Build.0 = Debug|Any CPU
		{D27D5BA8-6AF8-4A1B-9A73-A71320DCA2FB}.Release - X64|Any CPU.ActiveCfg = Release|Any CPU
		{D27D5BA8-6AF8-4A1B-9A73-A71320DCA2FB}.Release - X64|Any CPU.Build.0 = Release|Any CPU
		{D27D5BA8-6AF8-4A1B-9A73-A71320DCA2FB}.Release - X64|Mixed Platforms.ActiveCfg = Release|Any CPU
		{D27D5BA8-6AF8-4A1B-9A73-A71320DCA2FB}.Release - X64|Mixed Platforms.Build.0 = Release|Any CPU
		{D27D5BA8-6AF8-4A1B-9A73-A71320DCA2FB}.Release - X86|Any CPU.ActiveCfg = Release|Any CPU
		{D27D5BA8-6AF8-4A1B-9A73-A71320DCA2FB}.Release - X86|Any CPU.Build.0 = Release|Any CPU
		{D27D5BA8-6AF8-4A1B-9A73-A71320DCA2FB}.Release - X86|Mixed Platforms.ActiveCfg = Release|Any CPU
		{D27D5BA8-6AF8-4A1B-9A73-A71320DCA2FB}.Release - X86|Mixed Platforms.Build.0 = Release|Any CPU
		{D27D5BA8-6AF8-4A1B-9A73-A71320DCA2FB}.Release|Any CPU.ActiveCfg = Release|Any CPU
		{D27D5BA8-6AF8-4A1B-9A73-A71320DCA2FB}.Release|Any CPU.Build.0 = Release|Any CPU
		{D27D5BA8-6AF8-4A1B-9A73-A71320DCA2FB}.Release|Mixed Platforms.ActiveCfg = Release|Any CPU
		{D27D5BA8-6AF8-4A1B-9A73-A71320DCA2FB}.Release|Mixed Platforms.Build.0 = Release|Any CPU
		{F14CF51F-FB7D-4E21-BAC9-AF869B0F29E9}.Debug - X64|Any CPU.ActiveCfg = Debug|Any CPU
		{F14CF51F-FB7D-4E21-BAC9-AF869B0F29E9}.Debug - X64|Any CPU.Build.0 = Debug|Any CPU
		{F14CF51F-FB7D-4E21-BAC9-AF869B0F29E9}.Debug - X64|Mixed Platforms.ActiveCfg = Debug|Any CPU
		{F14CF51F-FB7D-4E21-BAC9-AF869B0F29E9}.Debug - X64|Mixed Platforms.Build.0 = Debug|Any CPU
		{F14CF51F-FB7D-4E21-BAC9-AF869B0F29E9}.Debug - X86|Any CPU.ActiveCfg = Debug|Any CPU
		{F14CF51F-FB7D-4E21-BAC9-AF869B0F29E9}.Debug - X86|Any CPU.Build.0 = Debug|Any CPU
		{F14CF51F-FB7D-4E21-BAC9-AF869B0F29E9}.Debug - X86|Mixed Platforms.ActiveCfg = Debug|Any CPU
		{F14CF51F-FB7D-4E21-BAC9-AF869B0F29E9}.Debug - X86|Mixed Platforms.Build.0 = Debug|Any CPU
		{F14CF51F-FB7D-4E21-BAC9-AF869B0F29E9}.Debug|Any CPU.ActiveCfg = Debug|Any CPU
		{F14CF51F-FB7D-4E21-BAC9-AF869B0F29E9}.Debug|Any CPU.Build.0 = Debug|Any CPU
		{F14CF51F-FB7D-4E21-BAC9-AF869B0F29E9}.Debug|Mixed Platforms.ActiveCfg = Debug|Any CPU
		{F14CF51F-FB7D-4E21-BAC9-AF869B0F29E9}.Debug|Mixed Platforms.Build.0 = Debug|Any CPU
		{F14CF51F-FB7D-4E21-BAC9-AF869B0F29E9}.Release - X64|Any CPU.ActiveCfg = Release|Any CPU
		{F14CF51F-FB7D-4E21-BAC9-AF869B0F29E9}.Release - X64|Any CPU.Build.0 = Release|Any CPU
		{F14CF51F-FB7D-4E21-BAC9-AF869B0F29E9}.Release - X64|Mixed Platforms.ActiveCfg = Release|Any CPU
		{F14CF51F-FB7D-4E21-BAC9-AF869B0F29E9}.Release - X64|Mixed Platforms.Build.0 = Release|Any CPU
		{F14CF51F-FB7D-4E21-BAC9-AF869B0F29E9}.Release - X86|Any CPU.ActiveCfg = Release|Any CPU
		{F14CF51F-FB7D-4E21-BAC9-AF869B0F29E9}.Release - X86|Any CPU.Build.0 = Release|Any CPU
		{F14CF51F-FB7D-4E21-BAC9-AF869B0F29E9}.Release - X86|Mixed Platforms.ActiveCfg = Release|Any CPU
		{F14CF51F-FB7D-4E21-BAC9-AF869B0F29E9}.Release - X86|Mixed Platforms.Build.0 = Release|Any CPU
		{F14CF51F-FB7D-4E21-BAC9-AF869B0F29E9}.Release|Any CPU.ActiveCfg = Release|Any CPU
		{F14CF51F-FB7D-4E21-BAC9-AF869B0F29E9}.Release|Any CPU.Build.0 = Release|Any CPU
		{F14CF51F-FB7D-4E21-BAC9-AF869B0F29E9}.Release|Mixed Platforms.ActiveCfg = Release|Any CPU
		{F14CF51F-FB7D-4E21-BAC9-AF869B0F29E9}.Release|Mixed Platforms.Build.0 = Release|Any CPU
		{4E5D435E-4366-4180-B46B-1F9366FA3BC0}.Debug - X64|Any CPU.ActiveCfg = Debug|Any CPU
		{4E5D435E-4366-4180-B46B-1F9366FA3BC0}.Debug - X64|Any CPU.Build.0 = Debug|Any CPU
		{4E5D435E-4366-4180-B46B-1F9366FA3BC0}.Debug - X64|Mixed Platforms.ActiveCfg = Debug|Any CPU
		{4E5D435E-4366-4180-B46B-1F9366FA3BC0}.Debug - X64|Mixed Platforms.Build.0 = Debug|Any CPU
		{4E5D435E-4366-4180-B46B-1F9366FA3BC0}.Debug - X86|Any CPU.ActiveCfg = Debug|Any CPU
		{4E5D435E-4366-4180-B46B-1F9366FA3BC0}.Debug - X86|Any CPU.Build.0 = Debug|Any CPU
		{4E5D435E-4366-4180-B46B-1F9366FA3BC0}.Debug - X86|Mixed Platforms.ActiveCfg = Debug|Any CPU
		{4E5D435E-4366-4180-B46B-1F9366FA3BC0}.Debug - X86|Mixed Platforms.Build.0 = Debug|Any CPU
		{4E5D435E-4366-4180-B46B-1F9366FA3BC0}.Debug|Any CPU.ActiveCfg = Debug|Any CPU
		{4E5D435E-4366-4180-B46B-1F9366FA3BC0}.Debug|Any CPU.Build.0 = Debug|Any CPU
		{4E5D435E-4366-4180-B46B-1F9366FA3BC0}.Debug|Mixed Platforms.ActiveCfg = Debug|Any CPU
		{4E5D435E-4366-4180-B46B-1F9366FA3BC0}.Debug|Mixed Platforms.Build.0 = Debug|Any CPU
		{4E5D435E-4366-4180-B46B-1F9366FA3BC0}.Release - X64|Any CPU.ActiveCfg = Release|Any CPU
		{4E5D435E-4366-4180-B46B-1F9366FA3BC0}.Release - X64|Any CPU.Build.0 = Release|Any CPU
		{4E5D435E-4366-4180-B46B-1F9366FA3BC0}.Release - X64|Mixed Platforms.ActiveCfg = Release|Any CPU
		{4E5D435E-4366-4180-B46B-1F9366FA3BC0}.Release - X64|Mixed Platforms.Build.0 = Release|Any CPU
		{4E5D435E-4366-4180-B46B-1F9366FA3BC0}.Release - X86|Any CPU.ActiveCfg = Release|Any CPU
		{4E5D435E-4366-4180-B46B-1F9366FA3BC0}.Release - X86|Any CPU.Build.0 = Release|Any CPU
		{4E5D435E-4366-4180-B46B-1F9366FA3BC0}.Release - X86|Mixed Platforms.ActiveCfg = Release|Any CPU
		{4E5D435E-4366-4180-B46B-1F9366FA3BC0}.Release - X86|Mixed Platforms.Build.0 = Release|Any CPU
		{4E5D435E-4366-4180-B46B-1F9366FA3BC0}.Release|Any CPU.ActiveCfg = Release|Any CPU
		{4E5D435E-4366-4180-B46B-1F9366FA3BC0}.Release|Any CPU.Build.0 = Release|Any CPU
		{4E5D435E-4366-4180-B46B-1F9366FA3BC0}.Release|Mixed Platforms.ActiveCfg = Release|Any CPU
		{4E5D435E-4366-4180-B46B-1F9366FA3BC0}.Release|Mixed Platforms.Build.0 = Release|Any CPU
	EndGlobalSection
	GlobalSection(SolutionProperties) = preSolution
		HideSolutionNode = FALSE
	EndGlobalSection
	GlobalSection(ExtensibilityGlobals) = postSolution
		SolutionGuid = {2BC4910B-065D-4033-AA0D-9FCFC947DB61}
	EndGlobalSection
EndGlobal
